
Microsoft Visual Studio Solution File, Format Version 12.00
# Visual Studio 2012
Project("{FAE04EC0-301F-11D3-BF4B-00C04F79EFBC}") = "Google.Maps.Utils.iOS", "Google.Maps.Utils.iOS\Google.Maps.Utils.iOS.csproj", "{D8F8517E-0047-489F-BCE8-0179012F6871}"
EndProject
Project("{FAE04EC0-301F-11D3-BF4B-00C04F79EFBC}") = "Google.Maps.Utils.Droid", "Google.Maps.Utils.Droid\Google.Maps.Utils.Droid.csproj", "{C783863C-3134-4729-BDC7-7871F17A00E5}"
EndProject
Project("{FAE04EC0-301F-11D3-BF4B-00C04F79EFBC}") = "Sample.Droid", "Sample.Droid\Sample.Droid.csproj", "{EB235ACA-0460-4D7D-ADD6-41869CC1CFDC}"
EndProject
Project("{FAE04EC0-301F-11D3-BF4B-00C04F79EFBC}") = "Sample.iOS", "Sample.iOS\Sample.iOS.csproj", "{CBD363FB-48E2-4354-8CDF-769D4C169CD6}"
EndProject
Project("{5DD5E4FA-CB73-4610-85AB-557B54E96AA9}") = "Xamarin.Google.Maps.Utils", "Xamarin.Google.Maps.Utils\Xamarin.Google.Maps.Utils.nuproj", "{8D0A6D8B-CDDB-4A49-99CA-2E3A29721349}"
EndProject
	GlobalSection(SolutionConfigurationPlatforms) = preSolution
		Debug|Any CPU = Debug|Any CPU
		Release|Any CPU = Release|Any CPU
		Debug|iPhoneSimulator = Debug|iPhoneSimulator
		Release|iPhone = Release|iPhone
		Release|iPhoneSimulator = Release|iPhoneSimulator
		Debug|iPhone = Debug|iPhone
	EndGlobalSection
	GlobalSection(ProjectConfigurationPlatforms) = postSolution
		{D8F8517E-0047-489F-BCE8-0179012F6871}.Debug|Any CPU.ActiveCfg = Debug|Any CPU
		{D8F8517E-0047-489F-BCE8-0179012F6871}.Debug|Any CPU.Build.0 = Debug|Any CPU
		{D8F8517E-0047-489F-BCE8-0179012F6871}.Release|Any CPU.ActiveCfg = Release|Any CPU
		{D8F8517E-0047-489F-BCE8-0179012F6871}.Release|Any CPU.Build.0 = Release|Any CPU
		{D8F8517E-0047-489F-BCE8-0179012F6871}.Debug|iPhoneSimulator.ActiveCfg = Debug|Any CPU
		{D8F8517E-0047-489F-BCE8-0179012F6871}.Debug|iPhoneSimulator.Build.0 = Debug|Any CPU
		{D8F8517E-0047-489F-BCE8-0179012F6871}.Release|iPhone.ActiveCfg = Release|Any CPU
		{D8F8517E-0047-489F-BCE8-0179012F6871}.Release|iPhone.Build.0 = Release|Any CPU
		{D8F8517E-0047-489F-BCE8-0179012F6871}.Release|iPhoneSimulator.ActiveCfg = Release|Any CPU
		{D8F8517E-0047-489F-BCE8-0179012F6871}.Release|iPhoneSimulator.Build.0 = Release|Any CPU
		{D8F8517E-0047-489F-BCE8-0179012F6871}.Debug|iPhone.ActiveCfg = Debug|Any CPU
		{D8F8517E-0047-489F-BCE8-0179012F6871}.Debug|iPhone.Build.0 = Debug|Any CPU
		{C783863C-3134-4729-BDC7-7871F17A00E5}.Debug|Any CPU.ActiveCfg = Debug|Any CPU
		{C783863C-3134-4729-BDC7-7871F17A00E5}.Debug|Any CPU.Build.0 = Debug|Any CPU
		{C783863C-3134-4729-BDC7-7871F17A00E5}.Release|Any CPU.ActiveCfg = Release|Any CPU
		{C783863C-3134-4729-BDC7-7871F17A00E5}.Release|Any CPU.Build.0 = Release|Any CPU
		{C783863C-3134-4729-BDC7-7871F17A00E5}.Debug|iPhoneSimulator.ActiveCfg = Debug|Any CPU
		{C783863C-3134-4729-BDC7-7871F17A00E5}.Debug|iPhoneSimulator.Build.0 = Debug|Any CPU
		{C783863C-3134-4729-BDC7-7871F17A00E5}.Release|iPhone.ActiveCfg = Release|Any CPU
		{C783863C-3134-4729-BDC7-7871F17A00E5}.Release|iPhone.Build.0 = Release|Any CPU
		{C783863C-3134-4729-BDC7-7871F17A00E5}.Release|iPhoneSimulator.ActiveCfg = Release|Any CPU
		{C783863C-3134-4729-BDC7-7871F17A00E5}.Release|iPhoneSimulator.Build.0 = Release|Any CPU
		{C783863C-3134-4729-BDC7-7871F17A00E5}.Debug|iPhone.ActiveCfg = Debug|Any CPU
		{C783863C-3134-4729-BDC7-7871F17A00E5}.Debug|iPhone.Build.0 = Debug|Any CPU
		{EB235ACA-0460-4D7D-ADD6-41869CC1CFDC}.Debug|Any CPU.ActiveCfg = Debug|Any CPU
		{EB235ACA-0460-4D7D-ADD6-41869CC1CFDC}.Debug|Any CPU.Build.0 = Debug|Any CPU
		{EB235ACA-0460-4D7D-ADD6-41869CC1CFDC}.Release|Any CPU.ActiveCfg = Release|Any CPU
		{EB235ACA-0460-4D7D-ADD6-41869CC1CFDC}.Release|Any CPU.Build.0 = Release|Any CPU
		{EB235ACA-0460-4D7D-ADD6-41869CC1CFDC}.Debug|iPhoneSimulator.ActiveCfg = Debug|Any CPU
		{EB235ACA-0460-4D7D-ADD6-41869CC1CFDC}.Debug|iPhoneSimulator.Build.0 = Debug|Any CPU
		{EB235ACA-0460-4D7D-ADD6-41869CC1CFDC}.Release|iPhone.ActiveCfg = Release|Any CPU
		{EB235ACA-0460-4D7D-ADD6-41869CC1CFDC}.Release|iPhone.Build.0 = Release|Any CPU
		{EB235ACA-0460-4D7D-ADD6-41869CC1CFDC}.Release|iPhoneSimulator.ActiveCfg = Release|Any CPU
		{EB235ACA-0460-4D7D-ADD6-41869CC1CFDC}.Release|iPhoneSimulator.Build.0 = Release|Any CPU
		{EB235ACA-0460-4D7D-ADD6-41869CC1CFDC}.Debug|iPhone.ActiveCfg = Debug|Any CPU
		{EB235ACA-0460-4D7D-ADD6-41869CC1CFDC}.Debug|iPhone.Build.0 = Debug|Any CPU
		{CBD363FB-48E2-4354-8CDF-769D4C169CD6}.Debug|Any CPU.ActiveCfg = Debug|iPhoneSimulator
		{CBD363FB-48E2-4354-8CDF-769D4C169CD6}.Debug|Any CPU.Build.0 = Debug|iPhoneSimulator
		{CBD363FB-48E2-4354-8CDF-769D4C169CD6}.Release|Any CPU.ActiveCfg = Release|iPhone
		{CBD363FB-48E2-4354-8CDF-769D4C169CD6}.Release|Any CPU.Build.0 = Release|iPhone
		{CBD363FB-48E2-4354-8CDF-769D4C169CD6}.Debug|iPhoneSimulator.ActiveCfg = Debug|iPhoneSimulator
		{CBD363FB-48E2-4354-8CDF-769D4C169CD6}.Debug|iPhoneSimulator.Build.0 = Debug|iPhoneSimulator
		{CBD363FB-48E2-4354-8CDF-769D4C169CD6}.Release|iPhone.ActiveCfg = Release|iPhone
		{CBD363FB-48E2-4354-8CDF-769D4C169CD6}.Release|iPhone.Build.0 = Release|iPhone
		{CBD363FB-48E2-4354-8CDF-769D4C169CD6}.Release|iPhoneSimulator.ActiveCfg = Release|iPhoneSimulator
		{CBD363FB-48E2-4354-8CDF-769D4C169CD6}.Release|iPhoneSimulator.Build.0 = Release|iPhoneSimulator
		{CBD363FB-48E2-4354-8CDF-769D4C169CD6}.Debug|iPhone.ActiveCfg = Debug|iPhone
		{CBD363FB-48E2-4354-8CDF-769D4C169CD6}.Debug|iPhone.Build.0 = Debug|iPhone
		{8D0A6D8B-CDDB-4A49-99CA-2E3A29721349}.Debug|Any CPU.ActiveCfg = Debug|Any CPU
		{8D0A6D8B-CDDB-4A49-99CA-2E3A29721349}.Debug|Any CPU.Build.0 = Debug|Any CPU
		{8D0A6D8B-CDDB-4A49-99CA-2E3A29721349}.Release|Any CPU.ActiveCfg = Release|Any CPU
		{8D0A6D8B-CDDB-4A49-99CA-2E3A29721349}.Release|Any CPU.Build.0 = Release|Any CPU
		{8D0A6D8B-CDDB-4A49-99CA-2E3A29721349}.Debug|iPhoneSimulator.ActiveCfg = Debug|Any CPU
		{8D0A6D8B-CDDB-4A49-99CA-2E3A29721349}.Debug|iPhoneSimulator.Build.0 = Debug|Any CPU
		{8D0A6D8B-CDDB-4A49-99CA-2E3A29721349}.Release|iPhone.ActiveCfg = Release|Any CPU
		{8D0A6D8B-CDDB-4A49-99CA-2E3A29721349}.Release|iPhone.Build.0 = Release|Any CPU
		{8D0A6D8B-CDDB-4A49-99CA-2E3A29721349}.Release|iPhoneSimulator.ActiveCfg = Release|Any CPU
		{8D0A6D8B-CDDB-4A49-99CA-2E3A29721349}.Release|iPhoneSimulator.Build.0 = Release|Any CPU
		{8D0A6D8B-CDDB-4A49-99CA-2E3A29721349}.Debug|iPhone.ActiveCfg = Debug|Any CPU
		{8D0A6D8B-CDDB-4A49-99CA-2E3A29721349}.Debug|iPhone.Build.0 = Debug|Any CPU
	EndGlobalSection
	GlobalSection(NestedProjects) = preSolution
	EndGlobalSection
EndGlobal
