
Microsoft Visual Studio Solution File, Format Version 12.00
# Visual Studio 15
Project("{2150E333-8FDC-42A3-9474-1A3956D46DE8}") = "Nugets", "Nugets", "{F3373947-EC17-46F4-828E-BA139DF05F3E}"
	ProjectSection(SolutionItems) = preProject
		Nugets\Xamarin.Google.Maps.Utils.nuspec = Nugets\Xamarin.Google.Maps.Utils.nuspec
	EndProjectSection
EndProject
Project("{2150E333-8FDC-42A3-9474-1A3956D46DE8}") = "Samples", "Samples", "{3875E12A-644D-422B-BE78-D08D91147BEB}"
EndProject
Project("{2150E333-8FDC-42A3-9474-1A3956D46DE8}") = "Bindings", "Bindings", "{3C92CE04-9DB4-4194-A22D-AFD9A8EC06B4}"
EndProject
Project("{FAE04EC0-301F-11D3-BF4B-00C04F79EFBC}") = "Google.Maps.Utils.Android", "Bindings\Google.Maps.Utils.Android\Google.Maps.Utils.Android.csproj", "{4C9DC45A-6999-42AC-8F0B-2B54B98BF848}"
EndProject
Project("{FAE04EC0-301F-11D3-BF4B-00C04F79EFBC}") = "Google.Maps.Utils.iOS", "Bindings\Google.Maps.Utils.iOS\Google.Maps.Utils.iOS.csproj", "{83672C49-5783-4546-9BA4-52804E2B8B94}"
EndProject
Project("{FAE04EC0-301F-11D3-BF4B-00C04F79EFBC}") = "Sample.Android", "Samples\Sample.Android\Sample.Android.csproj", "{66A0FC1F-FBC6-4E65-914E-EF4A5A03011C}"
EndProject
Project("{FAE04EC0-301F-11D3-BF4B-00C04F79EFBC}") = "Sample.iOS", "Samples\Sample.iOS\Sample.iOS.csproj", "{212C6385-A1CA-4ED6-8A46-252403B19E6A}"
EndProject
Global
	GlobalSection(SolutionConfigurationPlatforms) = preSolution
		Debug|Any CPU = Debug|Any CPU
		Release|Any CPU = Release|Any CPU
		Debug|iPhoneSimulator = Debug|iPhoneSimulator
		Release|iPhoneSimulator = Release|iPhoneSimulator
		Debug|iPhone = Debug|iPhone
		Release|iPhone = Release|iPhone
	EndGlobalSection
	GlobalSection(ProjectConfigurationPlatforms) = postSolution
		{4C9DC45A-6999-42AC-8F0B-2B54B98BF848}.Debug|Any CPU.ActiveCfg = Debug|Any CPU
		{4C9DC45A-6999-42AC-8F0B-2B54B98BF848}.Debug|Any CPU.Build.0 = Debug|Any CPU
		{4C9DC45A-6999-42AC-8F0B-2B54B98BF848}.Release|Any CPU.ActiveCfg = Release|Any CPU
		{4C9DC45A-6999-42AC-8F0B-2B54B98BF848}.Release|Any CPU.Build.0 = Release|Any CPU
		{4C9DC45A-6999-42AC-8F0B-2B54B98BF848}.Debug|iPhoneSimulator.ActiveCfg = Debug|Any CPU
		{4C9DC45A-6999-42AC-8F0B-2B54B98BF848}.Debug|iPhoneSimulator.Build.0 = Debug|Any CPU
		{4C9DC45A-6999-42AC-8F0B-2B54B98BF848}.Release|iPhoneSimulator.ActiveCfg = Release|Any CPU
		{4C9DC45A-6999-42AC-8F0B-2B54B98BF848}.Release|iPhoneSimulator.Build.0 = Release|Any CPU
		{4C9DC45A-6999-42AC-8F0B-2B54B98BF848}.Debug|iPhone.ActiveCfg = Debug|Any CPU
		{4C9DC45A-6999-42AC-8F0B-2B54B98BF848}.Debug|iPhone.Build.0 = Debug|Any CPU
		{4C9DC45A-6999-42AC-8F0B-2B54B98BF848}.Release|iPhone.ActiveCfg = Release|Any CPU
		{4C9DC45A-6999-42AC-8F0B-2B54B98BF848}.Release|iPhone.Build.0 = Release|Any CPU
		{83672C49-5783-4546-9BA4-52804E2B8B94}.Debug|Any CPU.ActiveCfg = Debug|Any CPU
		{83672C49-5783-4546-9BA4-52804E2B8B94}.Debug|Any CPU.Build.0 = Debug|Any CPU
		{83672C49-5783-4546-9BA4-52804E2B8B94}.Release|Any CPU.ActiveCfg = Release|Any CPU
		{83672C49-5783-4546-9BA4-52804E2B8B94}.Release|Any CPU.Build.0 = Release|Any CPU
		{83672C49-5783-4546-9BA4-52804E2B8B94}.Debug|iPhoneSimulator.ActiveCfg = Debug|Any CPU
		{83672C49-5783-4546-9BA4-52804E2B8B94}.Debug|iPhoneSimulator.Build.0 = Debug|Any CPU
		{83672C49-5783-4546-9BA4-52804E2B8B94}.Release|iPhoneSimulator.ActiveCfg = Release|Any CPU
		{83672C49-5783-4546-9BA4-52804E2B8B94}.Release|iPhoneSimulator.Build.0 = Release|Any CPU
		{83672C49-5783-4546-9BA4-52804E2B8B94}.Debug|iPhone.ActiveCfg = Debug|Any CPU
		{83672C49-5783-4546-9BA4-52804E2B8B94}.Debug|iPhone.Build.0 = Debug|Any CPU
		{83672C49-5783-4546-9BA4-52804E2B8B94}.Release|iPhone.ActiveCfg = Release|Any CPU
		{83672C49-5783-4546-9BA4-52804E2B8B94}.Release|iPhone.Build.0 = Release|Any CPU
		{66A0FC1F-FBC6-4E65-914E-EF4A5A03011C}.Debug|Any CPU.ActiveCfg = Debug|Any CPU
		{66A0FC1F-FBC6-4E65-914E-EF4A5A03011C}.Debug|Any CPU.Build.0 = Debug|Any CPU
		{66A0FC1F-FBC6-4E65-914E-EF4A5A03011C}.Release|Any CPU.ActiveCfg = Release|Any CPU
		{66A0FC1F-FBC6-4E65-914E-EF4A5A03011C}.Release|Any CPU.Build.0 = Release|Any CPU
		{66A0FC1F-FBC6-4E65-914E-EF4A5A03011C}.Debug|iPhoneSimulator.ActiveCfg = Debug|Any CPU
		{66A0FC1F-FBC6-4E65-914E-EF4A5A03011C}.Debug|iPhoneSimulator.Build.0 = Debug|Any CPU
		{66A0FC1F-FBC6-4E65-914E-EF4A5A03011C}.Release|iPhoneSimulator.ActiveCfg = Release|Any CPU
		{66A0FC1F-FBC6-4E65-914E-EF4A5A03011C}.Release|iPhoneSimulator.Build.0 = Release|Any CPU
		{66A0FC1F-FBC6-4E65-914E-EF4A5A03011C}.Debug|iPhone.ActiveCfg = Debug|Any CPU
		{66A0FC1F-FBC6-4E65-914E-EF4A5A03011C}.Debug|iPhone.Build.0 = Debug|Any CPU
		{66A0FC1F-FBC6-4E65-914E-EF4A5A03011C}.Release|iPhone.ActiveCfg = Release|Any CPU
		{66A0FC1F-FBC6-4E65-914E-EF4A5A03011C}.Release|iPhone.Build.0 = Release|Any CPU
		{212C6385-A1CA-4ED6-8A46-252403B19E6A}.Debug|Any CPU.ActiveCfg = Debug|iPhoneSimulator
		{212C6385-A1CA-4ED6-8A46-252403B19E6A}.Debug|Any CPU.Build.0 = Debug|iPhoneSimulator
		{212C6385-A1CA-4ED6-8A46-252403B19E6A}.Release|Any CPU.ActiveCfg = Release|iPhoneSimulator
		{212C6385-A1CA-4ED6-8A46-252403B19E6A}.Release|Any CPU.Build.0 = Release|iPhoneSimulator
		{212C6385-A1CA-4ED6-8A46-252403B19E6A}.Debug|iPhoneSimulator.ActiveCfg = Debug|iPhoneSimulator
		{212C6385-A1CA-4ED6-8A46-252403B19E6A}.Debug|iPhoneSimulator.Build.0 = Debug|iPhoneSimulator
		{212C6385-A1CA-4ED6-8A46-252403B19E6A}.Release|iPhoneSimulator.ActiveCfg = Release|iPhoneSimulator
		{212C6385-A1CA-4ED6-8A46-252403B19E6A}.Release|iPhoneSimulator.Build.0 = Release|iPhoneSimulator
		{212C6385-A1CA-4ED6-8A46-252403B19E6A}.Debug|iPhone.ActiveCfg = Debug|iPhone
		{212C6385-A1CA-4ED6-8A46-252403B19E6A}.Debug|iPhone.Build.0 = Debug|iPhone
		{212C6385-A1CA-4ED6-8A46-252403B19E6A}.Release|iPhone.ActiveCfg = Release|iPhone
		{212C6385-A1CA-4ED6-8A46-252403B19E6A}.Release|iPhone.Build.0 = Release|iPhone
	EndGlobalSection
	GlobalSection(NestedProjects) = preSolution
		{4C9DC45A-6999-42AC-8F0B-2B54B98BF848} = {3C92CE04-9DB4-4194-A22D-AFD9A8EC06B4}
		{83672C49-5783-4546-9BA4-52804E2B8B94} = {3C92CE04-9DB4-4194-A22D-AFD9A8EC06B4}
		{66A0FC1F-FBC6-4E65-914E-EF4A5A03011C} = {3875E12A-644D-422B-BE78-D08D91147BEB}
		{212C6385-A1CA-4ED6-8A46-252403B19E6A} = {3875E12A-644D-422B-BE78-D08D91147BEB}
	EndGlobalSection
EndGlobal
